
Microsoft Visual Studio Solution File, Format Version 12.00
# Visual Studio 15
VisualStudioVersion = 15.0.26124.0
MinimumVisualStudioVersion = 15.0.26124.0
Project("{2150E333-8FDC-42A3-9474-1A3956D46DE8}") = "Code", "Code", "{844AC1FE-26B2-4831-9CE2-5D8263891367}"
EndProject
Project("{FAE04EC0-301F-11D3-BF4B-00C04F79EFBC}") = "appdesigner.Api", "Code\appdesigner.Api\appdesigner.Api.csproj", "{3F930257-EF29-4318-BE26-6A0A9E7F6253}"
EndProject
Project("{FAE04EC0-301F-11D3-BF4B-00C04F79EFBC}") = "appdesigner.Business", "Code\appdesigner.Business\appdesigner.Business.csproj", "{A3B6713D-E07D-43E4-AFB9-6E1384ED677A}"
EndProject
Project("{FAE04EC0-301F-11D3-BF4B-00C04F79EFBC}") = "appdesigner.Data", "Code\appdesigner.Data\appdesigner.Data.csproj", "{24E17C5B-6C1B-400F-9E29-F043DA705ED9}"
EndProject
Project("{FAE04EC0-301F-11D3-BF4B-00C04F79EFBC}") = "appdesigner.Entities", "Code\appdesigner.Entities\appdesigner.Entities.csproj", "{CDEA12C2-3659-4FE4-8A74-EFA6954817A8}"
EndProject
Project("{FAE04EC0-301F-11D3-BF4B-00C04F79EFBC}") = "appdesigner.Test.Api", "Code\appdesigner.Test.Api\appdesigner.Test.Api.csproj", "{DF3E7D49-B09A-43EF-A807-40D7F7AB3117}"
EndProject
Project("{FAE04EC0-301F-11D3-BF4B-00C04F79EFBC}") = "appdesigner.Test.Business", "Code\appdesigner.Test.Business\appdesigner.Test.Business.csproj", "{C2950B52-DB09-46BF-A877-F2689450E4F1}"
EndProject
Project("{FAE04EC0-301F-11D3-BF4B-00C04F79EFBC}") = "appdesigner.Test.Framework", "Code\appdesigner.Test.Framework\appdesigner.Test.Framework.csproj", "{F270F35B-003C-4291-BE2E-070C0881C6AD}"
EndProject
Project("{2150E333-8FDC-42A3-9474-1A3956D46DE8}") = "Test", "Test", "{256607AA-665E-40E5-996F-F52C43BC284D}"
EndProject
Global
	GlobalSection(SolutionConfigurationPlatforms) = preSolution
		Debug|Any CPU = Debug|Any CPU
		Debug|x64 = Debug|x64
		Debug|x86 = Debug|x86
		Release|Any CPU = Release|Any CPU
		Release|x64 = Release|x64
		Release|x86 = Release|x86
	EndGlobalSection
	GlobalSection(SolutionProperties) = preSolution
		HideSolutionNode = FALSE
	EndGlobalSection
	GlobalSection(ProjectConfigurationPlatforms) = postSolution
		{3F930257-EF29-4318-BE26-6A0A9E7F6253}.Debug|Any CPU.ActiveCfg = Debug|Any CPU
		{3F930257-EF29-4318-BE26-6A0A9E7F6253}.Debug|Any CPU.Build.0 = Debug|Any CPU
		{3F930257-EF29-4318-BE26-6A0A9E7F6253}.Debug|x64.ActiveCfg = Debug|Any CPU
		{3F930257-EF29-4318-BE26-6A0A9E7F6253}.Debug|x64.Build.0 = Debug|Any CPU
		{3F930257-EF29-4318-BE26-6A0A9E7F6253}.Debug|x86.ActiveCfg = Debug|Any CPU
		{3F930257-EF29-4318-BE26-6A0A9E7F6253}.Debug|x86.Build.0 = Debug|Any CPU
		{3F930257-EF29-4318-BE26-6A0A9E7F6253}.Release|Any CPU.ActiveCfg = Release|Any CPU
		{3F930257-EF29-4318-BE26-6A0A9E7F6253}.Release|Any CPU.Build.0 = Release|Any CPU
		{3F930257-EF29-4318-BE26-6A0A9E7F6253}.Release|x64.ActiveCfg = Release|Any CPU
		{3F930257-EF29-4318-BE26-6A0A9E7F6253}.Release|x64.Build.0 = Release|Any CPU
		{3F930257-EF29-4318-BE26-6A0A9E7F6253}.Release|x86.ActiveCfg = Release|Any CPU
		{3F930257-EF29-4318-BE26-6A0A9E7F6253}.Release|x86.Build.0 = Release|Any CPU
		{A3B6713D-E07D-43E4-AFB9-6E1384ED677A}.Debug|Any CPU.ActiveCfg = Debug|Any CPU
		{A3B6713D-E07D-43E4-AFB9-6E1384ED677A}.Debug|Any CPU.Build.0 = Debug|Any CPU
		{A3B6713D-E07D-43E4-AFB9-6E1384ED677A}.Debug|x64.ActiveCfg = Debug|Any CPU
		{A3B6713D-E07D-43E4-AFB9-6E1384ED677A}.Debug|x64.Build.0 = Debug|Any CPU
		{A3B6713D-E07D-43E4-AFB9-6E1384ED677A}.Debug|x86.ActiveCfg = Debug|Any CPU
		{A3B6713D-E07D-43E4-AFB9-6E1384ED677A}.Debug|x86.Build.0 = Debug|Any CPU
		{A3B6713D-E07D-43E4-AFB9-6E1384ED677A}.Release|Any CPU.ActiveCfg = Release|Any CPU
		{A3B6713D-E07D-43E4-AFB9-6E1384ED677A}.Release|Any CPU.Build.0 = Release|Any CPU
		{A3B6713D-E07D-43E4-AFB9-6E1384ED677A}.Release|x64.ActiveCfg = Release|Any CPU
		{A3B6713D-E07D-43E4-AFB9-6E1384ED677A}.Release|x64.Build.0 = Release|Any CPU
		{A3B6713D-E07D-43E4-AFB9-6E1384ED677A}.Release|x86.ActiveCfg = Release|Any CPU
		{A3B6713D-E07D-43E4-AFB9-6E1384ED677A}.Release|x86.Build.0 = Release|Any CPU
		{24E17C5B-6C1B-400F-9E29-F043DA705ED9}.Debug|Any CPU.ActiveCfg = Debug|Any CPU
		{24E17C5B-6C1B-400F-9E29-F043DA705ED9}.Debug|Any CPU.Build.0 = Debug|Any CPU
		{24E17C5B-6C1B-400F-9E29-F043DA705ED9}.Debug|x64.ActiveCfg = Debug|Any CPU
		{24E17C5B-6C1B-400F-9E29-F043DA705ED9}.Debug|x64.Build.0 = Debug|Any CPU
		{24E17C5B-6C1B-400F-9E29-F043DA705ED9}.Debug|x86.ActiveCfg = Debug|Any CPU
		{24E17C5B-6C1B-400F-9E29-F043DA705ED9}.Debug|x86.Build.0 = Debug|Any CPU
		{24E17C5B-6C1B-400F-9E29-F043DA705ED9}.Release|Any CPU.ActiveCfg = Release|Any CPU
		{24E17C5B-6C1B-400F-9E29-F043DA705ED9}.Release|Any CPU.Build.0 = Release|Any CPU
		{24E17C5B-6C1B-400F-9E29-F043DA705ED9}.Release|x64.ActiveCfg = Release|Any CPU
		{24E17C5B-6C1B-400F-9E29-F043DA705ED9}.Release|x64.Build.0 = Release|Any CPU
		{24E17C5B-6C1B-400F-9E29-F043DA705ED9}.Release|x86.ActiveCfg = Release|Any CPU
		{24E17C5B-6C1B-400F-9E29-F043DA705ED9}.Release|x86.Build.0 = Release|Any CPU
		{CDEA12C2-3659-4FE4-8A74-EFA6954817A8}.Debug|Any CPU.ActiveCfg = Debug|Any CPU
		{CDEA12C2-3659-4FE4-8A74-EFA6954817A8}.Debug|Any CPU.Build.0 = Debug|Any CPU
		{CDEA12C2-3659-4FE4-8A74-EFA6954817A8}.Debug|x64.ActiveCfg = Debug|Any CPU
		{CDEA12C2-3659-4FE4-8A74-EFA6954817A8}.Debug|x64.Build.0 = Debug|Any CPU
		{CDEA12C2-3659-4FE4-8A74-EFA6954817A8}.Debug|x86.ActiveCfg = Debug|Any CPU
		{CDEA12C2-3659-4FE4-8A74-EFA6954817A8}.Debug|x86.Build.0 = Debug|Any CPU
		{CDEA12C2-3659-4FE4-8A74-EFA6954817A8}.Release|Any CPU.ActiveCfg = Release|Any CPU
		{CDEA12C2-3659-4FE4-8A74-EFA6954817A8}.Release|Any CPU.Build.0 = Release|Any CPU
		{CDEA12C2-3659-4FE4-8A74-EFA6954817A8}.Release|x64.ActiveCfg = Release|Any CPU
		{CDEA12C2-3659-4FE4-8A74-EFA6954817A8}.Release|x64.Build.0 = Release|Any CPU
		{CDEA12C2-3659-4FE4-8A74-EFA6954817A8}.Release|x86.ActiveCfg = Release|Any CPU
		{CDEA12C2-3659-4FE4-8A74-EFA6954817A8}.Release|x86.Build.0 = Release|Any CPU
		{DF3E7D49-B09A-43EF-A807-40D7F7AB3117}.Debug|Any CPU.ActiveCfg = Debug|Any CPU
		{DF3E7D49-B09A-43EF-A807-40D7F7AB3117}.Debug|Any CPU.Build.0 = Debug|Any CPU
		{DF3E7D49-B09A-43EF-A807-40D7F7AB3117}.Debug|x64.ActiveCfg = Debug|Any CPU
		{DF3E7D49-B09A-43EF-A807-40D7F7AB3117}.Debug|x64.Build.0 = Debug|Any CPU
		{DF3E7D49-B09A-43EF-A807-40D7F7AB3117}.Debug|x86.ActiveCfg = Debug|Any CPU
		{DF3E7D49-B09A-43EF-A807-40D7F7AB3117}.Debug|x86.Build.0 = Debug|Any CPU
		{DF3E7D49-B09A-43EF-A807-40D7F7AB3117}.Release|Any CPU.ActiveCfg = Release|Any CPU
		{DF3E7D49-B09A-43EF-A807-40D7F7AB3117}.Release|Any CPU.Build.0 = Release|Any CPU
		{DF3E7D49-B09A-43EF-A807-40D7F7AB3117}.Release|x64.ActiveCfg = Release|Any CPU
		{DF3E7D49-B09A-43EF-A807-40D7F7AB3117}.Release|x64.Build.0 = Release|Any CPU
		{DF3E7D49-B09A-43EF-A807-40D7F7AB3117}.Release|x86.ActiveCfg = Release|Any CPU
		{DF3E7D49-B09A-43EF-A807-40D7F7AB3117}.Release|x86.Build.0 = Release|Any CPU
		{C2950B52-DB09-46BF-A877-F2689450E4F1}.Debug|Any CPU.ActiveCfg = Debug|Any CPU
		{C2950B52-DB09-46BF-A877-F2689450E4F1}.Debug|Any CPU.Build.0 = Debug|Any CPU
		{C2950B52-DB09-46BF-A877-F2689450E4F1}.Debug|x64.ActiveCfg = Debug|Any CPU
		{C2950B52-DB09-46BF-A877-F2689450E4F1}.Debug|x64.Build.0 = Debug|Any CPU
		{C2950B52-DB09-46BF-A877-F2689450E4F1}.Debug|x86.ActiveCfg = Debug|Any CPU
		{C2950B52-DB09-46BF-A877-F2689450E4F1}.Debug|x86.Build.0 = Debug|Any CPU
		{C2950B52-DB09-46BF-A877-F2689450E4F1}.Release|Any CPU.ActiveCfg = Release|Any CPU
		{C2950B52-DB09-46BF-A877-F2689450E4F1}.Release|Any CPU.Build.0 = Release|Any CPU
		{C2950B52-DB09-46BF-A877-F2689450E4F1}.Release|x64.ActiveCfg = Release|Any CPU
		{C2950B52-DB09-46BF-A877-F2689450E4F1}.Release|x64.Build.0 = Release|Any CPU
		{C2950B52-DB09-46BF-A877-F2689450E4F1}.Release|x86.ActiveCfg = Release|Any CPU
		{C2950B52-DB09-46BF-A877-F2689450E4F1}.Release|x86.Build.0 = Release|Any CPU
		{F270F35B-003C-4291-BE2E-070C0881C6AD}.Debug|Any CPU.ActiveCfg = Debug|Any CPU
		{F270F35B-003C-4291-BE2E-070C0881C6AD}.Debug|Any CPU.Build.0 = Debug|Any CPU
		{F270F35B-003C-4291-BE2E-070C0881C6AD}.Debug|x64.ActiveCfg = Debug|Any CPU
		{F270F35B-003C-4291-BE2E-070C0881C6AD}.Debug|x64.Build.0 = Debug|Any CPU
		{F270F35B-003C-4291-BE2E-070C0881C6AD}.Debug|x86.ActiveCfg = Debug|Any CPU
		{F270F35B-003C-4291-BE2E-070C0881C6AD}.Debug|x86.Build.0 = Debug|Any CPU
		{F270F35B-003C-4291-BE2E-070C0881C6AD}.Release|Any CPU.ActiveCfg = Release|Any CPU
		{F270F35B-003C-4291-BE2E-070C0881C6AD}.Release|Any CPU.Build.0 = Release|Any CPU
		{F270F35B-003C-4291-BE2E-070C0881C6AD}.Release|x64.ActiveCfg = Release|Any CPU
		{F270F35B-003C-4291-BE2E-070C0881C6AD}.Release|x64.Build.0 = Release|Any CPU
		{F270F35B-003C-4291-BE2E-070C0881C6AD}.Release|x86.ActiveCfg = Release|Any CPU
		{F270F35B-003C-4291-BE2E-070C0881C6AD}.Release|x86.Build.0 = Release|Any CPU
	EndGlobalSection
	GlobalSection(NestedProjects) = preSolution
		{3F930257-EF29-4318-BE26-6A0A9E7F6253} = {844AC1FE-26B2-4831-9CE2-5D8263891367}
		{A3B6713D-E07D-43E4-AFB9-6E1384ED677A} = {844AC1FE-26B2-4831-9CE2-5D8263891367}
		{24E17C5B-6C1B-400F-9E29-F043DA705ED9} = {844AC1FE-26B2-4831-9CE2-5D8263891367}
		{CDEA12C2-3659-4FE4-8A74-EFA6954817A8} = {844AC1FE-26B2-4831-9CE2-5D8263891367}
		{DF3E7D49-B09A-43EF-A807-40D7F7AB3117} = {256607AA-665E-40E5-996F-F52C43BC284D}
		{C2950B52-DB09-46BF-A877-F2689450E4F1} = {256607AA-665E-40E5-996F-F52C43BC284D}
		{F270F35B-003C-4291-BE2E-070C0881C6AD} = {256607AA-665E-40E5-996F-F52C43BC284D}
	EndGlobalSection
EndGlobal
